
Microsoft Visual Studio Solution File, Format Version 12.00
# Visual Studio Version 17
VisualStudioVersion = 17.10.35013.160
MinimumVisualStudioVersion = 10.0.40219.1
Project("{8BC9CEB8-8B4A-11D0-8D11-00A0C91BC942}") = "1.CallStack_test", "CallStack_test\CallStack_test.vcxproj", "{B8CAB8CE-95E1-419F-9627-C09B90A1B9FE}"
EndProject
Project("{8BC9CEB8-8B4A-11D0-8D11-00A0C91BC942}") = "2-1.CppClassBasic", "2-1.CppClassBasic\2-1.CppClassBasic.vcxproj", "{0EE15F0B-D7E3-437F-8288-AF7B08298743}"
EndProject
Project("{8BC9CEB8-8B4A-11D0-8D11-00A0C91BC942}") = "2-2.Calculator", "2-2.Calculator\2-2.Calculator.vcxproj", "{E93A269B-CED6-48FC-B525-6871C7E3CABF}"
EndProject
Project("{8BC9CEB8-8B4A-11D0-8D11-00A0C91BC942}") = "2-3.ClassAndArray", "2-3.ClassAndArray\2-3.ClassAndArray.vcxproj", "{2ED53672-B9A2-48AC-8D58-BFA67AF4F0F3}"
EndProject
Project("{8BC9CEB8-8B4A-11D0-8D11-00A0C91BC942}") = "2-4.CopyConstructor", "2-4.CopyConstructor\2-4.CopyConstructor.vcxproj", "{98AF5755-3A4A-4BB4-AD18-65CCA8732B62}"
EndProject
Project("{8BC9CEB8-8B4A-11D0-8D11-00A0C91BC942}") = "2-5.Homework", "2-5.Homework\2-5.Homework.vcxproj", "{A27484FF-A205-4A13-AA29-CCEC9E8E4159}"
EndProject
Project("{8BC9CEB8-8B4A-11D0-8D11-00A0C91BC942}") = "2-6.Homework2", "2-6.Homework2\2-6.Homework2.vcxproj", "{75899EED-87EA-41C9-8BB6-67A775D10248}"
EndProject
Project("{8BC9CEB8-8B4A-11D0-8D11-00A0C91BC942}") = "3-1.CppString", "3-1.CppString\3-1.CppString.vcxproj", "{7208E191-B8EE-420F-A3FB-C73598CA7158}"
EndProject
Project("{8BC9CEB8-8B4A-11D0-8D11-00A0C91BC942}") = "3-2.Inheritance", "3-2.Inheritance\3-2.Inheritance.vcxproj", "{58119C9E-7899-4513-9349-640ADAF766BE}"
EndProject
Project("{8BC9CEB8-8B4A-11D0-8D11-00A0C91BC942}") = "3-3.Is_A", "3-3.Is_A\3-3.Is_A.vcxproj", "{795812B1-B62C-4305-BE21-1CB1D06BD91F}"
EndProject
Project("{8BC9CEB8-8B4A-11D0-8D11-00A0C91BC942}") = "3-4.Has_A", "3-4.Has_A\3-4.Has_A.vcxproj", "{E3BF44D9-AE73-47E8-BFC4-C6552F62A704}"
EndProject
Project("{8BC9CEB8-8B4A-11D0-8D11-00A0C91BC942}") = "3-5.OperatorOverloading", "3-5.OperatorOverloading\3-5.OperatorOverloading.vcxproj", "{96EB2DBC-72B5-4626-880F-6D3AFFF1423B}"
EndProject
Project("{8BC9CEB8-8B4A-11D0-8D11-00A0C91BC942}") = "3-6.VirtualFuction", "3-6.VirtualFuction\3-6.VirtualFuction.vcxproj", "{22480AA1-4A9F-4493-8B9B-B8DCE4C5BE90}"
EndProject
Project("{8BC9CEB8-8B4A-11D0-8D11-00A0C91BC942}") = "2-7.Homework3", "2-7.Homework3\2-7.Homework3.vcxproj", "{29277411-EC97-4CC0-A342-1670354A729B}"
EndProject
Project("{8BC9CEB8-8B4A-11D0-8D11-00A0C91BC942}") = "3-7.StringClass", "3-7.StringClass\3-7.StringClass.vcxproj", "{DFE6D5E1-DE6C-4C00-91BD-395FF9846569}"
EndProject
Project("{8BC9CEB8-8B4A-11D0-8D11-00A0C91BC942}") = "4-1.DynamicCast", "DynamicCast\DynamicCast.vcxproj", "{845D391E-1C60-4EC6-B558-E2F0C7E10F75}"
EndProject
Project("{8BC9CEB8-8B4A-11D0-8D11-00A0C91BC942}") = "4-2.Template", "4-2.Template\4-2.Template.vcxproj", "{5B423896-533D-4DC1-A25C-9AAD9938A200}"
EndProject
Project("{8BC9CEB8-8B4A-11D0-8D11-00A0C91BC942}") = "4-3.ClassTemplate", "ClassTemplate\ClassTemplate.vcxproj", "{F7BB7904-5432-466C-A101-9530114D558A}"
EndProject
Project("{8BC9CEB8-8B4A-11D0-8D11-00A0C91BC942}") = "4-4.FileWrite", "FileWrite\FileWrite.vcxproj", "{E8C6D826-110B-4000-8FC0-6721CE71B4B7}"
EndProject
Project("{8BC9CEB8-8B4A-11D0-8D11-00A0C91BC942}") = "4-5.FileRead", "FileRead\FileRead.vcxproj", "{F5256362-209C-49A3-A920-10E5EFF216BC}"
EndProject
Project("{8BC9CEB8-8B4A-11D0-8D11-00A0C91BC942}") = "5-1.FSeek", "5-1.FSeek\5-1.FSeek.vcxproj", "{D985E203-0C29-4A35-9AFC-F53890A504A0}"
EndProject
Project("{8BC9CEB8-8B4A-11D0-8D11-00A0C91BC942}") = "5-2.Move", "5-2.Move\5-2.Move.vcxproj", "{9546D937-3541-44E3-AAA9-47659857BAD9}"
EndProject
Project("{8BC9CEB8-8B4A-11D0-8D11-00A0C91BC942}") = "6-1.Lamda", "6-1.Lamda\6-1.Lamda.vcxproj", "{490AACBB-2DBD-44DB-88C9-7FE19B1D4216}"
EndProject
Project("{8BC9CEB8-8B4A-11D0-8D11-00A0C91BC942}") = "6-2.FunctionPointer", "FunctionPointer\FunctionPointer.vcxproj", "{A02839EA-ACD0-4265-8C64-DDD0536DDFBC}"
EndProject
Project("{8BC9CEB8-8B4A-11D0-8D11-00A0C91BC942}") = "7-1.UniquePtr", "7-1.UniquePtr\7-1.UniquePtr.vcxproj", "{EC4BF8CA-EB43-41AF-996A-AF63BDFF1F6C}"
EndProject
Project("{8BC9CEB8-8B4A-11D0-8D11-00A0C91BC942}") = "SharedPtr", "SharedPtr\SharedPtr.vcxproj", "{6532DA15-0E7E-43C3-B479-A843DF345866}"
EndProject
Global
	GlobalSection(SolutionConfigurationPlatforms) = preSolution
		Debug|x64 = Debug|x64
		Debug|x86 = Debug|x86
		Release|x64 = Release|x64
		Release|x86 = Release|x86
	EndGlobalSection
	GlobalSection(ProjectConfigurationPlatforms) = postSolution
		{B8CAB8CE-95E1-419F-9627-C09B90A1B9FE}.Debug|x64.ActiveCfg = Debug|x64
		{B8CAB8CE-95E1-419F-9627-C09B90A1B9FE}.Debug|x64.Build.0 = Debug|x64
		{B8CAB8CE-95E1-419F-9627-C09B90A1B9FE}.Debug|x86.ActiveCfg = Debug|Win32
		{B8CAB8CE-95E1-419F-9627-C09B90A1B9FE}.Debug|x86.Build.0 = Debug|Win32
		{B8CAB8CE-95E1-419F-9627-C09B90A1B9FE}.Release|x64.ActiveCfg = Release|x64
		{B8CAB8CE-95E1-419F-9627-C09B90A1B9FE}.Release|x64.Build.0 = Release|x64
		{B8CAB8CE-95E1-419F-9627-C09B90A1B9FE}.Release|x86.ActiveCfg = Release|Win32
		{B8CAB8CE-95E1-419F-9627-C09B90A1B9FE}.Release|x86.Build.0 = Release|Win32
		{0EE15F0B-D7E3-437F-8288-AF7B08298743}.Debug|x64.ActiveCfg = Debug|x64
		{0EE15F0B-D7E3-437F-8288-AF7B08298743}.Debug|x64.Build.0 = Debug|x64
		{0EE15F0B-D7E3-437F-8288-AF7B08298743}.Debug|x86.ActiveCfg = Debug|Win32
		{0EE15F0B-D7E3-437F-8288-AF7B08298743}.Debug|x86.Build.0 = Debug|Win32
		{0EE15F0B-D7E3-437F-8288-AF7B08298743}.Release|x64.ActiveCfg = Release|x64
		{0EE15F0B-D7E3-437F-8288-AF7B08298743}.Release|x64.Build.0 = Release|x64
		{0EE15F0B-D7E3-437F-8288-AF7B08298743}.Release|x86.ActiveCfg = Release|Win32
		{0EE15F0B-D7E3-437F-8288-AF7B08298743}.Release|x86.Build.0 = Release|Win32
		{E93A269B-CED6-48FC-B525-6871C7E3CABF}.Debug|x64.ActiveCfg = Debug|x64
		{E93A269B-CED6-48FC-B525-6871C7E3CABF}.Debug|x64.Build.0 = Debug|x64
		{E93A269B-CED6-48FC-B525-6871C7E3CABF}.Debug|x86.ActiveCfg = Debug|Win32
		{E93A269B-CED6-48FC-B525-6871C7E3CABF}.Debug|x86.Build.0 = Debug|Win32
		{E93A269B-CED6-48FC-B525-6871C7E3CABF}.Release|x64.ActiveCfg = Release|x64
		{E93A269B-CED6-48FC-B525-6871C7E3CABF}.Release|x64.Build.0 = Release|x64
		{E93A269B-CED6-48FC-B525-6871C7E3CABF}.Release|x86.ActiveCfg = Release|Win32
		{E93A269B-CED6-48FC-B525-6871C7E3CABF}.Release|x86.Build.0 = Release|Win32
		{2ED53672-B9A2-48AC-8D58-BFA67AF4F0F3}.Debug|x64.ActiveCfg = Debug|x64
		{2ED53672-B9A2-48AC-8D58-BFA67AF4F0F3}.Debug|x64.Build.0 = Debug|x64
		{2ED53672-B9A2-48AC-8D58-BFA67AF4F0F3}.Debug|x86.ActiveCfg = Debug|Win32
		{2ED53672-B9A2-48AC-8D58-BFA67AF4F0F3}.Debug|x86.Build.0 = Debug|Win32
		{2ED53672-B9A2-48AC-8D58-BFA67AF4F0F3}.Release|x64.ActiveCfg = Release|x64
		{2ED53672-B9A2-48AC-8D58-BFA67AF4F0F3}.Release|x64.Build.0 = Release|x64
		{2ED53672-B9A2-48AC-8D58-BFA67AF4F0F3}.Release|x86.ActiveCfg = Release|Win32
		{2ED53672-B9A2-48AC-8D58-BFA67AF4F0F3}.Release|x86.Build.0 = Release|Win32
		{98AF5755-3A4A-4BB4-AD18-65CCA8732B62}.Debug|x64.ActiveCfg = Debug|x64
		{98AF5755-3A4A-4BB4-AD18-65CCA8732B62}.Debug|x64.Build.0 = Debug|x64
		{98AF5755-3A4A-4BB4-AD18-65CCA8732B62}.Debug|x86.ActiveCfg = Debug|Win32
		{98AF5755-3A4A-4BB4-AD18-65CCA8732B62}.Debug|x86.Build.0 = Debug|Win32
		{98AF5755-3A4A-4BB4-AD18-65CCA8732B62}.Release|x64.ActiveCfg = Release|x64
		{98AF5755-3A4A-4BB4-AD18-65CCA8732B62}.Release|x64.Build.0 = Release|x64
		{98AF5755-3A4A-4BB4-AD18-65CCA8732B62}.Release|x86.ActiveCfg = Release|Win32
		{98AF5755-3A4A-4BB4-AD18-65CCA8732B62}.Release|x86.Build.0 = Release|Win32
		{A27484FF-A205-4A13-AA29-CCEC9E8E4159}.Debug|x64.ActiveCfg = Debug|x64
		{A27484FF-A205-4A13-AA29-CCEC9E8E4159}.Debug|x64.Build.0 = Debug|x64
		{A27484FF-A205-4A13-AA29-CCEC9E8E4159}.Debug|x86.ActiveCfg = Debug|Win32
		{A27484FF-A205-4A13-AA29-CCEC9E8E4159}.Debug|x86.Build.0 = Debug|Win32
		{A27484FF-A205-4A13-AA29-CCEC9E8E4159}.Release|x64.ActiveCfg = Release|x64
		{A27484FF-A205-4A13-AA29-CCEC9E8E4159}.Release|x64.Build.0 = Release|x64
		{A27484FF-A205-4A13-AA29-CCEC9E8E4159}.Release|x86.ActiveCfg = Release|Win32
		{A27484FF-A205-4A13-AA29-CCEC9E8E4159}.Release|x86.Build.0 = Release|Win32
		{75899EED-87EA-41C9-8BB6-67A775D10248}.Debug|x64.ActiveCfg = Debug|x64
		{75899EED-87EA-41C9-8BB6-67A775D10248}.Debug|x64.Build.0 = Debug|x64
		{75899EED-87EA-41C9-8BB6-67A775D10248}.Debug|x86.ActiveCfg = Debug|Win32
		{75899EED-87EA-41C9-8BB6-67A775D10248}.Debug|x86.Build.0 = Debug|Win32
		{75899EED-87EA-41C9-8BB6-67A775D10248}.Release|x64.ActiveCfg = Release|x64
		{75899EED-87EA-41C9-8BB6-67A775D10248}.Release|x64.Build.0 = Release|x64
		{75899EED-87EA-41C9-8BB6-67A775D10248}.Release|x86.ActiveCfg = Release|Win32
		{75899EED-87EA-41C9-8BB6-67A775D10248}.Release|x86.Build.0 = Release|Win32
		{7208E191-B8EE-420F-A3FB-C73598CA7158}.Debug|x64.ActiveCfg = Debug|x64
		{7208E191-B8EE-420F-A3FB-C73598CA7158}.Debug|x64.Build.0 = Debug|x64
		{7208E191-B8EE-420F-A3FB-C73598CA7158}.Debug|x86.ActiveCfg = Debug|Win32
		{7208E191-B8EE-420F-A3FB-C73598CA7158}.Debug|x86.Build.0 = Debug|Win32
		{7208E191-B8EE-420F-A3FB-C73598CA7158}.Release|x64.ActiveCfg = Release|x64
		{7208E191-B8EE-420F-A3FB-C73598CA7158}.Release|x64.Build.0 = Release|x64
		{7208E191-B8EE-420F-A3FB-C73598CA7158}.Release|x86.ActiveCfg = Release|Win32
		{7208E191-B8EE-420F-A3FB-C73598CA7158}.Release|x86.Build.0 = Release|Win32
		{58119C9E-7899-4513-9349-640ADAF766BE}.Debug|x64.ActiveCfg = Debug|x64
		{58119C9E-7899-4513-9349-640ADAF766BE}.Debug|x64.Build.0 = Debug|x64
		{58119C9E-7899-4513-9349-640ADAF766BE}.Debug|x86.ActiveCfg = Debug|Win32
		{58119C9E-7899-4513-9349-640ADAF766BE}.Debug|x86.Build.0 = Debug|Win32
		{58119C9E-7899-4513-9349-640ADAF766BE}.Release|x64.ActiveCfg = Release|x64
		{58119C9E-7899-4513-9349-640ADAF766BE}.Release|x64.Build.0 = Release|x64
		{58119C9E-7899-4513-9349-640ADAF766BE}.Release|x86.ActiveCfg = Release|Win32
		{58119C9E-7899-4513-9349-640ADAF766BE}.Release|x86.Build.0 = Release|Win32
		{795812B1-B62C-4305-BE21-1CB1D06BD91F}.Debug|x64.ActiveCfg = Debug|x64
		{795812B1-B62C-4305-BE21-1CB1D06BD91F}.Debug|x64.Build.0 = Debug|x64
		{795812B1-B62C-4305-BE21-1CB1D06BD91F}.Debug|x86.ActiveCfg = Debug|Win32
		{795812B1-B62C-4305-BE21-1CB1D06BD91F}.Debug|x86.Build.0 = Debug|Win32
		{795812B1-B62C-4305-BE21-1CB1D06BD91F}.Release|x64.ActiveCfg = Release|x64
		{795812B1-B62C-4305-BE21-1CB1D06BD91F}.Release|x64.Build.0 = Release|x64
		{795812B1-B62C-4305-BE21-1CB1D06BD91F}.Release|x86.ActiveCfg = Release|Win32
		{795812B1-B62C-4305-BE21-1CB1D06BD91F}.Release|x86.Build.0 = Release|Win32
		{E3BF44D9-AE73-47E8-BFC4-C6552F62A704}.Debug|x64.ActiveCfg = Debug|x64
		{E3BF44D9-AE73-47E8-BFC4-C6552F62A704}.Debug|x64.Build.0 = Debug|x64
		{E3BF44D9-AE73-47E8-BFC4-C6552F62A704}.Debug|x86.ActiveCfg = Debug|Win32
		{E3BF44D9-AE73-47E8-BFC4-C6552F62A704}.Debug|x86.Build.0 = Debug|Win32
		{E3BF44D9-AE73-47E8-BFC4-C6552F62A704}.Release|x64.ActiveCfg = Release|x64
		{E3BF44D9-AE73-47E8-BFC4-C6552F62A704}.Release|x64.Build.0 = Release|x64
		{E3BF44D9-AE73-47E8-BFC4-C6552F62A704}.Release|x86.ActiveCfg = Release|Win32
		{E3BF44D9-AE73-47E8-BFC4-C6552F62A704}.Release|x86.Build.0 = Release|Win32
		{96EB2DBC-72B5-4626-880F-6D3AFFF1423B}.Debug|x64.ActiveCfg = Debug|x64
		{96EB2DBC-72B5-4626-880F-6D3AFFF1423B}.Debug|x64.Build.0 = Debug|x64
		{96EB2DBC-72B5-4626-880F-6D3AFFF1423B}.Debug|x86.ActiveCfg = Debug|Win32
		{96EB2DBC-72B5-4626-880F-6D3AFFF1423B}.Debug|x86.Build.0 = Debug|Win32
		{96EB2DBC-72B5-4626-880F-6D3AFFF1423B}.Release|x64.ActiveCfg = Release|x64
		{96EB2DBC-72B5-4626-880F-6D3AFFF1423B}.Release|x64.Build.0 = Release|x64
		{96EB2DBC-72B5-4626-880F-6D3AFFF1423B}.Release|x86.ActiveCfg = Release|Win32
		{96EB2DBC-72B5-4626-880F-6D3AFFF1423B}.Release|x86.Build.0 = Release|Win32
		{22480AA1-4A9F-4493-8B9B-B8DCE4C5BE90}.Debug|x64.ActiveCfg = Debug|x64
		{22480AA1-4A9F-4493-8B9B-B8DCE4C5BE90}.Debug|x64.Build.0 = Debug|x64
		{22480AA1-4A9F-4493-8B9B-B8DCE4C5BE90}.Debug|x86.ActiveCfg = Debug|Win32
		{22480AA1-4A9F-4493-8B9B-B8DCE4C5BE90}.Debug|x86.Build.0 = Debug|Win32
		{22480AA1-4A9F-4493-8B9B-B8DCE4C5BE90}.Release|x64.ActiveCfg = Release|x64
		{22480AA1-4A9F-4493-8B9B-B8DCE4C5BE90}.Release|x64.Build.0 = Release|x64
		{22480AA1-4A9F-4493-8B9B-B8DCE4C5BE90}.Release|x86.ActiveCfg = Release|Win32
		{22480AA1-4A9F-4493-8B9B-B8DCE4C5BE90}.Release|x86.Build.0 = Release|Win32
		{29277411-EC97-4CC0-A342-1670354A729B}.Debug|x64.ActiveCfg = Debug|x64
		{29277411-EC97-4CC0-A342-1670354A729B}.Debug|x64.Build.0 = Debug|x64
		{29277411-EC97-4CC0-A342-1670354A729B}.Debug|x86.ActiveCfg = Debug|Win32
		{29277411-EC97-4CC0-A342-1670354A729B}.Debug|x86.Build.0 = Debug|Win32
		{29277411-EC97-4CC0-A342-1670354A729B}.Release|x64.ActiveCfg = Release|x64
		{29277411-EC97-4CC0-A342-1670354A729B}.Release|x64.Build.0 = Release|x64
		{29277411-EC97-4CC0-A342-1670354A729B}.Release|x86.ActiveCfg = Release|Win32
		{29277411-EC97-4CC0-A342-1670354A729B}.Release|x86.Build.0 = Release|Win32
		{DFE6D5E1-DE6C-4C00-91BD-395FF9846569}.Debug|x64.ActiveCfg = Debug|x64
		{DFE6D5E1-DE6C-4C00-91BD-395FF9846569}.Debug|x64.Build.0 = Debug|x64
		{DFE6D5E1-DE6C-4C00-91BD-395FF9846569}.Debug|x86.ActiveCfg = Debug|Win32
		{DFE6D5E1-DE6C-4C00-91BD-395FF9846569}.Debug|x86.Build.0 = Debug|Win32
		{DFE6D5E1-DE6C-4C00-91BD-395FF9846569}.Release|x64.ActiveCfg = Release|x64
		{DFE6D5E1-DE6C-4C00-91BD-395FF9846569}.Release|x64.Build.0 = Release|x64
		{DFE6D5E1-DE6C-4C00-91BD-395FF9846569}.Release|x86.ActiveCfg = Release|Win32
		{DFE6D5E1-DE6C-4C00-91BD-395FF9846569}.Release|x86.Build.0 = Release|Win32
		{845D391E-1C60-4EC6-B558-E2F0C7E10F75}.Debug|x64.ActiveCfg = Debug|x64
		{845D391E-1C60-4EC6-B558-E2F0C7E10F75}.Debug|x64.Build.0 = Debug|x64
		{845D391E-1C60-4EC6-B558-E2F0C7E10F75}.Debug|x86.ActiveCfg = Debug|Win32
		{845D391E-1C60-4EC6-B558-E2F0C7E10F75}.Debug|x86.Build.0 = Debug|Win32
		{845D391E-1C60-4EC6-B558-E2F0C7E10F75}.Release|x64.ActiveCfg = Release|x64
		{845D391E-1C60-4EC6-B558-E2F0C7E10F75}.Release|x64.Build.0 = Release|x64
		{845D391E-1C60-4EC6-B558-E2F0C7E10F75}.Release|x86.ActiveCfg = Release|Win32
		{845D391E-1C60-4EC6-B558-E2F0C7E10F75}.Release|x86.Build.0 = Release|Win32
		{5B423896-533D-4DC1-A25C-9AAD9938A200}.Debug|x64.ActiveCfg = Debug|x64
		{5B423896-533D-4DC1-A25C-9AAD9938A200}.Debug|x64.Build.0 = Debug|x64
		{5B423896-533D-4DC1-A25C-9AAD9938A200}.Debug|x86.ActiveCfg = Debug|Win32
		{5B423896-533D-4DC1-A25C-9AAD9938A200}.Debug|x86.Build.0 = Debug|Win32
		{5B423896-533D-4DC1-A25C-9AAD9938A200}.Release|x64.ActiveCfg = Release|x64
		{5B423896-533D-4DC1-A25C-9AAD9938A200}.Release|x64.Build.0 = Release|x64
		{5B423896-533D-4DC1-A25C-9AAD9938A200}.Release|x86.ActiveCfg = Release|Win32
		{5B423896-533D-4DC1-A25C-9AAD9938A200}.Release|x86.Build.0 = Release|Win32
		{F7BB7904-5432-466C-A101-9530114D558A}.Debug|x64.ActiveCfg = Debug|x64
		{F7BB7904-5432-466C-A101-9530114D558A}.Debug|x64.Build.0 = Debug|x64
		{F7BB7904-5432-466C-A101-9530114D558A}.Debug|x86.ActiveCfg = Debug|Win32
		{F7BB7904-5432-466C-A101-9530114D558A}.Debug|x86.Build.0 = Debug|Win32
		{F7BB7904-5432-466C-A101-9530114D558A}.Release|x64.ActiveCfg = Release|x64
		{F7BB7904-5432-466C-A101-9530114D558A}.Release|x64.Build.0 = Release|x64
		{F7BB7904-5432-466C-A101-9530114D558A}.Release|x86.ActiveCfg = Release|Win32
		{F7BB7904-5432-466C-A101-9530114D558A}.Release|x86.Build.0 = Release|Win32
		{E8C6D826-110B-4000-8FC0-6721CE71B4B7}.Debug|x64.ActiveCfg = Debug|x64
		{E8C6D826-110B-4000-8FC0-6721CE71B4B7}.Debug|x64.Build.0 = Debug|x64
		{E8C6D826-110B-4000-8FC0-6721CE71B4B7}.Debug|x86.ActiveCfg = Debug|Win32
		{E8C6D826-110B-4000-8FC0-6721CE71B4B7}.Debug|x86.Build.0 = Debug|Win32
		{E8C6D826-110B-4000-8FC0-6721CE71B4B7}.Release|x64.ActiveCfg = Release|x64
		{E8C6D826-110B-4000-8FC0-6721CE71B4B7}.Release|x64.Build.0 = Release|x64
		{E8C6D826-110B-4000-8FC0-6721CE71B4B7}.Release|x86.ActiveCfg = Release|Win32
		{E8C6D826-110B-4000-8FC0-6721CE71B4B7}.Release|x86.Build.0 = Release|Win32
		{F5256362-209C-49A3-A920-10E5EFF216BC}.Debug|x64.ActiveCfg = Debug|x64
		{F5256362-209C-49A3-A920-10E5EFF216BC}.Debug|x64.Build.0 = Debug|x64
		{F5256362-209C-49A3-A920-10E5EFF216BC}.Debug|x86.ActiveCfg = Debug|Win32
		{F5256362-209C-49A3-A920-10E5EFF216BC}.Debug|x86.Build.0 = Debug|Win32
		{F5256362-209C-49A3-A920-10E5EFF216BC}.Release|x64.ActiveCfg = Release|x64
		{F5256362-209C-49A3-A920-10E5EFF216BC}.Release|x64.Build.0 = Release|x64
		{F5256362-209C-49A3-A920-10E5EFF216BC}.Release|x86.ActiveCfg = Release|Win32
		{F5256362-209C-49A3-A920-10E5EFF216BC}.Release|x86.Build.0 = Release|Win32
		{D985E203-0C29-4A35-9AFC-F53890A504A0}.Debug|x64.ActiveCfg = Debug|x64
		{D985E203-0C29-4A35-9AFC-F53890A504A0}.Debug|x64.Build.0 = Debug|x64
		{D985E203-0C29-4A35-9AFC-F53890A504A0}.Debug|x86.ActiveCfg = Debug|Win32
		{D985E203-0C29-4A35-9AFC-F53890A504A0}.Debug|x86.Build.0 = Debug|Win32
		{D985E203-0C29-4A35-9AFC-F53890A504A0}.Release|x64.ActiveCfg = Release|x64
		{D985E203-0C29-4A35-9AFC-F53890A504A0}.Release|x64.Build.0 = Release|x64
		{D985E203-0C29-4A35-9AFC-F53890A504A0}.Release|x86.ActiveCfg = Release|Win32
		{D985E203-0C29-4A35-9AFC-F53890A504A0}.Release|x86.Build.0 = Release|Win32
		{9546D937-3541-44E3-AAA9-47659857BAD9}.Debug|x64.ActiveCfg = Debug|x64
		{9546D937-3541-44E3-AAA9-47659857BAD9}.Debug|x64.Build.0 = Debug|x64
		{9546D937-3541-44E3-AAA9-47659857BAD9}.Debug|x86.ActiveCfg = Debug|Win32
		{9546D937-3541-44E3-AAA9-47659857BAD9}.Debug|x86.Build.0 = Debug|Win32
		{9546D937-3541-44E3-AAA9-47659857BAD9}.Release|x64.ActiveCfg = Release|x64
		{9546D937-3541-44E3-AAA9-47659857BAD9}.Release|x64.Build.0 = Release|x64
		{9546D937-3541-44E3-AAA9-47659857BAD9}.Release|x86.ActiveCfg = Release|Win32
		{9546D937-3541-44E3-AAA9-47659857BAD9}.Release|x86.Build.0 = Release|Win32
		{490AACBB-2DBD-44DB-88C9-7FE19B1D4216}.Debug|x64.ActiveCfg = Debug|x64
		{490AACBB-2DBD-44DB-88C9-7FE19B1D4216}.Debug|x64.Build.0 = Debug|x64
		{490AACBB-2DBD-44DB-88C9-7FE19B1D4216}.Debug|x86.ActiveCfg = Debug|Win32
		{490AACBB-2DBD-44DB-88C9-7FE19B1D4216}.Debug|x86.Build.0 = Debug|Win32
		{490AACBB-2DBD-44DB-88C9-7FE19B1D4216}.Release|x64.ActiveCfg = Release|x64
		{490AACBB-2DBD-44DB-88C9-7FE19B1D4216}.Release|x64.Build.0 = Release|x64
		{490AACBB-2DBD-44DB-88C9-7FE19B1D4216}.Release|x86.ActiveCfg = Release|Win32
		{490AACBB-2DBD-44DB-88C9-7FE19B1D4216}.Release|x86.Build.0 = Release|Win32
		{A02839EA-ACD0-4265-8C64-DDD0536DDFBC}.Debug|x64.ActiveCfg = Debug|x64
		{A02839EA-ACD0-4265-8C64-DDD0536DDFBC}.Debug|x64.Build.0 = Debug|x64
		{A02839EA-ACD0-4265-8C64-DDD0536DDFBC}.Debug|x86.ActiveCfg = Debug|Win32
		{A02839EA-ACD0-4265-8C64-DDD0536DDFBC}.Debug|x86.Build.0 = Debug|Win32
		{A02839EA-ACD0-4265-8C64-DDD0536DDFBC}.Release|x64.ActiveCfg = Release|x64
		{A02839EA-ACD0-4265-8C64-DDD0536DDFBC}.Release|x64.Build.0 = Release|x64
		{A02839EA-ACD0-4265-8C64-DDD0536DDFBC}.Release|x86.ActiveCfg = Release|Win32
		{A02839EA-ACD0-4265-8C64-DDD0536DDFBC}.Release|x86.Build.0 = Release|Win32
		{EC4BF8CA-EB43-41AF-996A-AF63BDFF1F6C}.Debug|x64.ActiveCfg = Debug|x64
		{EC4BF8CA-EB43-41AF-996A-AF63BDFF1F6C}.Debug|x64.Build.0 = Debug|x64
		{EC4BF8CA-EB43-41AF-996A-AF63BDFF1F6C}.Debug|x86.ActiveCfg = Debug|Win32
		{EC4BF8CA-EB43-41AF-996A-AF63BDFF1F6C}.Debug|x86.Build.0 = Debug|Win32
		{EC4BF8CA-EB43-41AF-996A-AF63BDFF1F6C}.Release|x64.ActiveCfg = Release|x64
		{EC4BF8CA-EB43-41AF-996A-AF63BDFF1F6C}.Release|x64.Build.0 = Release|x64
		{EC4BF8CA-EB43-41AF-996A-AF63BDFF1F6C}.Release|x86.ActiveCfg = Release|Win32
		{EC4BF8CA-EB43-41AF-996A-AF63BDFF1F6C}.Release|x86.Build.0 = Release|Win32
		{6532DA15-0E7E-43C3-B479-A843DF345866}.Debug|x64.ActiveCfg = Debug|x64
		{6532DA15-0E7E-43C3-B479-A843DF345866}.Debug|x64.Build.0 = Debug|x64
		{6532DA15-0E7E-43C3-B479-A843DF345866}.Debug|x86.ActiveCfg = Debug|Win32
		{6532DA15-0E7E-43C3-B479-A843DF345866}.Debug|x86.Build.0 = Debug|Win32
		{6532DA15-0E7E-43C3-B479-A843DF345866}.Release|x64.ActiveCfg = Release|x64
		{6532DA15-0E7E-43C3-B479-A843DF345866}.Release|x64.Build.0 = Release|x64
		{6532DA15-0E7E-43C3-B479-A843DF345866}.Release|x86.ActiveCfg = Release|Win32
		{6532DA15-0E7E-43C3-B479-A843DF345866}.Release|x86.Build.0 = Release|Win32
	EndGlobalSection
	GlobalSection(SolutionProperties) = preSolution
		HideSolutionNode = FALSE
	EndGlobalSection
	GlobalSection(ExtensibilityGlobals) = postSolution
		SolutionGuid = {075D9652-034C-4F53-B5EF-0ED600514F50}
	EndGlobalSection
EndGlobal
